
Microsoft Visual Studio Solution File, Format Version 12.00
# Visual Studio 15
VisualStudioVersion = 15.0.26403.0
MinimumVisualStudioVersion = 10.0.40219.1
Project("{8BC9CEB8-8B4A-11D0-8D11-00A0C91BC942}") = "Key", "Key\Key.vcxproj", "{074D9CE8-FEB5-48C7-BF6C-486DE417D8D1}"
EndProject
Project("{8BC9CEB8-8B4A-11D0-8D11-00A0C91BC942}") = "Sign", "Sign\Sign.vcxproj", "{329CAE85-77C9-4AEE-AF3C-1FCAC5A8DC8E}"
EndProject
Project("{8BC9CEB8-8B4A-11D0-8D11-00A0C91BC942}") = "Ver", "Ver\Ver.vcxproj", "{5430BB36-4981-428B-BC29-5CC09FEA782A}"
EndProject
Global
	GlobalSection(SolutionConfigurationPlatforms) = preSolution
		Debug|x64 = Debug|x64
		Debug|x86 = Debug|x86
		Release|x64 = Release|x64
		Release|x86 = Release|x86
	EndGlobalSection
	GlobalSection(ProjectConfigurationPlatforms) = postSolution
		{074D9CE8-FEB5-48C7-BF6C-486DE417D8D1}.Debug|x64.ActiveCfg = Debug|x64
		{074D9CE8-FEB5-48C7-BF6C-486DE417D8D1}.Debug|x64.Build.0 = Debug|x64
		{074D9CE8-FEB5-48C7-BF6C-486DE417D8D1}.Debug|x86.ActiveCfg = Debug|Win32
		{074D9CE8-FEB5-48C7-BF6C-486DE417D8D1}.Debug|x86.Build.0 = Debug|Win32
		{074D9CE8-FEB5-48C7-BF6C-486DE417D8D1}.Release|x64.ActiveCfg = Release|x64
		{074D9CE8-FEB5-48C7-BF6C-486DE417D8D1}.Release|x64.Build.0 = Release|x64
		{074D9CE8-FEB5-48C7-BF6C-486DE417D8D1}.Release|x86.ActiveCfg = Release|Win32
		{074D9CE8-FEB5-48C7-BF6C-486DE417D8D1}.Release|x86.Build.0 = Release|Win32
		{329CAE85-77C9-4AEE-AF3C-1FCAC5A8DC8E}.Debug|x64.ActiveCfg = Debug|x64
		{329CAE85-77C9-4AEE-AF3C-1FCAC5A8DC8E}.Debug|x64.Build.0 = Debug|x64
		{329CAE85-77C9-4AEE-AF3C-1FCAC5A8DC8E}.Debug|x86.ActiveCfg = Debug|Win32
		{329CAE85-77C9-4AEE-AF3C-1FCAC5A8DC8E}.Debug|x86.Build.0 = Debug|Win32
		{329CAE85-77C9-4AEE-AF3C-1FCAC5A8DC8E}.Release|x64.ActiveCfg = Release|x64
		{329CAE85-77C9-4AEE-AF3C-1FCAC5A8DC8E}.Release|x64.Build.0 = Release|x64
		{329CAE85-77C9-4AEE-AF3C-1FCAC5A8DC8E}.Release|x86.ActiveCfg = Release|Win32
		{329CAE85-77C9-4AEE-AF3C-1FCAC5A8DC8E}.Release|x86.Build.0 = Release|Win32
		{5430BB36-4981-428B-BC29-5CC09FEA782A}.Debug|x64.ActiveCfg = Debug|x64
		{5430BB36-4981-428B-BC29-5CC09FEA782A}.Debug|x64.Build.0 = Debug|x64
		{5430BB36-4981-428B-BC29-5CC09FEA782A}.Debug|x86.ActiveCfg = Debug|Win32
		{5430BB36-4981-428B-BC29-5CC09FEA782A}.Debug|x86.Build.0 = Debug|Win32
		{5430BB36-4981-428B-BC29-5CC09FEA782A}.Release|x64.ActiveCfg = Release|x64
		{5430BB36-4981-428B-BC29-5CC09FEA782A}.Release|x64.Build.0 = Release|x64
		{5430BB36-4981-428B-BC29-5CC09FEA782A}.Release|x86.ActiveCfg = Release|Win32
		{5430BB36-4981-428B-BC29-5CC09FEA782A}.Release|x86.Build.0 = Release|Win32
	EndGlobalSection
	GlobalSection(SolutionProperties) = preSolution
		HideSolutionNode = FALSE
	EndGlobalSection
EndGlobal
